// !$*UTF8*$!
{
	archiveVersion = 1;
	classes = {
	};
	objectVersion = 51;
	objects = {

/* Begin PBXBuildFile section */
		4FCC721F26899A73006F725C /* ZJ_TimeDownVC.m in Sources */ = {isa = PBXBuildFile; fileRef = 4FCC721E26899A73006F725C /* ZJ_TimeDownVC.m */; };
		4FCC722326899BB6006F725C /* ZJ_TimeDownView.m in Sources */ = {isa = PBXBuildFile; fileRef = 4FCC722226899BB6006F725C /* ZJ_TimeDownView.m */; };
		4FD20B08261C07BF00381508 /* AppDelegate.m in Sources */ = {isa = PBXBuildFile; fileRef = 4FD20B07261C07BF00381508 /* AppDelegate.m */; };
		4FD20B0B261C07BF00381508 /* SceneDelegate.m in Sources */ = {isa = PBXBuildFile; fileRef = 4FD20B0A261C07BF00381508 /* SceneDelegate.m */; };
		4FD20B0E261C07BF00381508 /* ViewController.m in Sources */ = {isa = PBXBuildFile; fileRef = 4FD20B0D261C07BF00381508 /* ViewController.m */; };
		4FD20B11261C07BF00381508 /* Main.storyboard in Resources */ = {isa = PBXBuildFile; fileRef = 4FD20B0F261C07BF00381508 /* Main.storyboard */; };
		4FD20B13261C07C400381508 /* Assets.xcassets in Resources */ = {isa = PBXBuildFile; fileRef = 4FD20B12261C07C400381508 /* Assets.xcassets */; };
		4FD20B16261C07C400381508 /* LaunchScreen.storyboard in Resources */ = {isa = PBXBuildFile; fileRef = 4FD20B14261C07C400381508 /* LaunchScreen.storyboard */; };
		4FD20B19261C07C400381508 /* main.m in Sources */ = {isa = PBXBuildFile; fileRef = 4FD20B18261C07C400381508 /* main.m */; };
		4FD20B23261C07C500381508 /* MyCodeAppTests.m in Sources */ = {isa = PBXBuildFile; fileRef = 4FD20B22261C07C500381508 /* MyCodeAppTests.m */; };
		4FD20B2E261C07C500381508 /* MyCodeAppUITests.m in Sources */ = {isa = PBXBuildFile; fileRef = 4FD20B2D261C07C500381508 /* MyCodeAppUITests.m */; };
		4FD20B57261D522900381508 /* ZJ_MarcoHelper.m in Sources */ = {isa = PBXBuildFile; fileRef = 4FD20B56261D522900381508 /* ZJ_MarcoHelper.m */; };
		4FD20B5F261D68AB00381508 /* NSString+Extension.m in Sources */ = {isa = PBXBuildFile; fileRef = 4FD20B5E261D68AB00381508 /* NSString+Extension.m */; };
		4FD20B62261D6A3000381508 /* NSArray+Extension.m in Sources */ = {isa = PBXBuildFile; fileRef = 4FD20B61261D6A3000381508 /* NSArray+Extension.m */; };
		4FD20B65261D886C00381508 /* NSCharacterSet+Extension.m in Sources */ = {isa = PBXBuildFile; fileRef = 4FD20B64261D886C00381508 /* NSCharacterSet+Extension.m */; };
		4FD20B69261D89C700381508 /* NSNumber+Extension.m in Sources */ = {isa = PBXBuildFile; fileRef = 4FD20B68261D89C600381508 /* NSNumber+Extension.m */; };
		4FD20B74261E9FED00381508 /* ZJ_CodeBlockVC.m in Sources */ = {isa = PBXBuildFile; fileRef = 4FD20B73261E9FED00381508 /* ZJ_CodeBlockVC.m */; };
		4FD20B80261EE47F00381508 /* ZJUILabel.m in Sources */ = {isa = PBXBuildFile; fileRef = 4FD20B7F261EE47F00381508 /* ZJUILabel.m */; };
		4FD20B8B262000F900381508 /* FunctionCodeListVC.m in Sources */ = {isa = PBXBuildFile; fileRef = 4FD20B8A262000F900381508 /* FunctionCodeListVC.m */; };
		4FD20B8F262001FA00381508 /* ThirdPartyDemoVC.m in Sources */ = {isa = PBXBuildFile; fileRef = 4FD20B8E262001FA00381508 /* ThirdPartyDemoVC.m */; };
		755804D084A237FA9EB2B543 /* Pods_MyCodeApp_MyCodeAppUITests.framework in Frameworks */ = {isa = PBXBuildFile; fileRef = 5EAE2FFCF9B9A5D7E049539D /* Pods_MyCodeApp_MyCodeAppUITests.framework */; };
		793A16AAA9D5648B8B3235C0 /* Pods_MyCodeAppTests.framework in Frameworks */ = {isa = PBXBuildFile; fileRef = 6904B826A16EFF82FF6A5EB3 /* Pods_MyCodeAppTests.framework */; };
		8400E606285F4BE400419E89 /* UIColor+Extension.m in Sources */ = {isa = PBXBuildFile; fileRef = 8400E605285F4BE400419E89 /* UIColor+Extension.m */; };
		8400E61328615E1E00419E89 /* NSDictionary+Extension.m in Sources */ = {isa = PBXBuildFile; fileRef = 8400E61228615E1E00419E89 /* NSDictionary+Extension.m */; };
		8400E61628615E4200419E89 /* NSDate+Extension.m in Sources */ = {isa = PBXBuildFile; fileRef = 8400E61528615E4200419E89 /* NSDate+Extension.m */; };
		8400E64D28649DE800419E89 /* UIView+Extension.m in Sources */ = {isa = PBXBuildFile; fileRef = 8400E64C28649DE800419E89 /* UIView+Extension.m */; };
		8480F72E28523CDF00F4303E /* BRResultModel.m in Sources */ = {isa = PBXBuildFile; fileRef = 8480F71428523CDF00F4303E /* BRResultModel.m */; };
		8480F72F28523CDF00F4303E /* BRStringPickerView.m in Sources */ = {isa = PBXBuildFile; fileRef = 8480F71728523CDF00F4303E /* BRStringPickerView.m */; };
		8480F73028523CDF00F4303E /* BRDatePickerView+BR.m in Sources */ = {isa = PBXBuildFile; fileRef = 8480F71A28523CDF00F4303E /* BRDatePickerView+BR.m */; };
		8480F73128523CDF00F4303E /* NSDate+BRPickerView.m in Sources */ = {isa = PBXBuildFile; fileRef = 8480F71C28523CDF00F4303E /* NSDate+BRPickerView.m */; };
		8480F73228523CDF00F4303E /* BRDatePickerView.m in Sources */ = {isa = PBXBuildFile; fileRef = 8480F71D28523CDF00F4303E /* BRDatePickerView.m */; };
		8480F73328523CDF00F4303E /* BRPickerView.bundle in Resources */ = {isa = PBXBuildFile; fileRef = 8480F72328523CDF00F4303E /* BRPickerView.bundle */; };
		8480F73428523CDF00F4303E /* BRPickerStyle.m in Sources */ = {isa = PBXBuildFile; fileRef = 8480F72428523CDF00F4303E /* BRPickerStyle.m */; };
		8480F73528523CDF00F4303E /* BRBaseView.m in Sources */ = {isa = PBXBuildFile; fileRef = 8480F72528523CDF00F4303E /* BRBaseView.m */; };
		8480F73628523CDF00F4303E /* NSBundle+BRPickerView.m in Sources */ = {isa = PBXBuildFile; fileRef = 8480F72628523CDF00F4303E /* NSBundle+BRPickerView.m */; };
		8480F73728523CDF00F4303E /* BRAddressModel.m in Sources */ = {isa = PBXBuildFile; fileRef = 8480F72A28523CDF00F4303E /* BRAddressModel.m */; };
		8480F73828523CDF00F4303E /* BRAddressPickerView.m in Sources */ = {isa = PBXBuildFile; fileRef = 8480F72D28523CDF00F4303E /* BRAddressPickerView.m */; };
		8480F76E28561AD500F4303E /* ZJ_CodeBlockViewController.m in Sources */ = {isa = PBXBuildFile; fileRef = 8480F76D28561AD500F4303E /* ZJ_CodeBlockViewController.m */; };
		8480F774285B093100F4303E /* NSAttributedString+Custom.m in Sources */ = {isa = PBXBuildFile; fileRef = 8480F773285B093100F4303E /* NSAttributedString+Custom.m */; };
		8480F77A285B0D4200F4303E /* UIButton+Extension.m in Sources */ = {isa = PBXBuildFile; fileRef = 8480F779285B0D4200F4303E /* UIButton+Extension.m */; };
		8480F77D285C57D000F4303E /* UIImage+Extension.m in Sources */ = {isa = PBXBuildFile; fileRef = 8480F77C285C57D000F4303E /* UIImage+Extension.m */; };
		8480F780285C57F400F4303E /* UITextField+Extension.m in Sources */ = {isa = PBXBuildFile; fileRef = 8480F77F285C57F400F4303E /* UITextField+Extension.m */; };
		8480F783285C580000F4303E /* UILabel+Extension.m in Sources */ = {isa = PBXBuildFile; fileRef = 8480F782285C580000F4303E /* UILabel+Extension.m */; };
		8480F786285C5C4B00F4303E /* NSMutableAttributedString+Custom.m in Sources */ = {isa = PBXBuildFile; fileRef = 8480F785285C5C4B00F4303E /* NSMutableAttributedString+Custom.m */; };
		84EEB49F2865E94E009254E2 /* ZJ_TemplateCodeVC.m in Sources */ = {isa = PBXBuildFile; fileRef = 84EEB49E2865E94E009254E2 /* ZJ_TemplateCodeVC.m */; };
		84EEB4A22866A01E009254E2 /* ZJ_NormalDetailTitleCell.m in Sources */ = {isa = PBXBuildFile; fileRef = 84EEB4A12866A01E009254E2 /* ZJ_NormalDetailTitleCell.m */; };
		84EEB4A52866A03E009254E2 /* ZJ_NormalDetailTitleAndContentCell.m in Sources */ = {isa = PBXBuildFile; fileRef = 84EEB4A42866A03E009254E2 /* ZJ_NormalDetailTitleAndContentCell.m */; };
		84EEB4A82866A054009254E2 /* ZJ_NormalDetailCollectionViewCell.m in Sources */ = {isa = PBXBuildFile; fileRef = 84EEB4A72866A054009254E2 /* ZJ_NormalDetailCollectionViewCell.m */; };
		84EEB4AB2866A065009254E2 /* ZJ_NormalDetailTitleAndTextViewCell.m in Sources */ = {isa = PBXBuildFile; fileRef = 84EEB4AA2866A065009254E2 /* ZJ_NormalDetailTitleAndTextViewCell.m */; };
		84EEB4C2286B2082009254E2 /* ZJ_TemplateCodeViewModel.m in Sources */ = {isa = PBXBuildFile; fileRef = 84EEB4C1286B2082009254E2 /* ZJ_TemplateCodeViewModel.m */; };
		84EEB4C5286EC3F4009254E2 /* UITextView+Extension.m in Sources */ = {isa = PBXBuildFile; fileRef = 84EEB4C4286EC3F4009254E2 /* UITextView+Extension.m */; };
		84EEB4C9286ECFF1009254E2 /* ZJ_TemplateHeaderView.m in Sources */ = {isa = PBXBuildFile; fileRef = 84EEB4C8286ECFF1009254E2 /* ZJ_TemplateHeaderView.m */; };
		84EEB4CC2870210C009254E2 /* ZJ_NormalInputTextFieldCell.m in Sources */ = {isa = PBXBuildFile; fileRef = 84EEB4CB2870210C009254E2 /* ZJ_NormalInputTextFieldCell.m */; };
		84EEB4CF28702151009254E2 /* ZJ_NormalLableAndBtnCell.m in Sources */ = {isa = PBXBuildFile; fileRef = 84EEB4CE28702151009254E2 /* ZJ_NormalLableAndBtnCell.m */; };
		84EEB4D22872DAB2009254E2 /* ZJ_Custom_WorkFlow.m in Sources */ = {isa = PBXBuildFile; fileRef = 84EEB4D12872DAB2009254E2 /* ZJ_Custom_WorkFlow.m */; };
		84EEB4D52874227C009254E2 /* ZJ_TwoTabelviewTemplateVC.m in Sources */ = {isa = PBXBuildFile; fileRef = 84EEB4D42874227C009254E2 /* ZJ_TwoTabelviewTemplateVC.m */; };
		84EEB4D828742478009254E2 /* ZJ_TwoTabelviewTemplateSubVC.m in Sources */ = {isa = PBXBuildFile; fileRef = 84EEB4D728742478009254E2 /* ZJ_TwoTabelviewTemplateSubVC.m */; };
		84EEB50B287983D8009254E2 /* ZJ_LeftTableViewCell.m in Sources */ = {isa = PBXBuildFile; fileRef = 84EEB50A287983D8009254E2 /* ZJ_LeftTableViewCell.m */; };
		D6D44FB5BF7139F51513DE02 /* Pods_MyCodeApp.framework in Frameworks */ = {isa = PBXBuildFile; fileRef = 81BF1EDAA16BF63F7EC3893A /* Pods_MyCodeApp.framework */; };
/* End PBXBuildFile section */

/* Begin PBXContainerItemProxy section */
		4FD20B1F261C07C500381508 /* PBXContainerItemProxy */ = {
			isa = PBXContainerItemProxy;
			containerPortal = 4FD20AFB261C07BF00381508 /* Project object */;
			proxyType = 1;
			remoteGlobalIDString = 4FD20B02261C07BF00381508;
			remoteInfo = MyCodeApp;
		};
		4FD20B2A261C07C500381508 /* PBXContainerItemProxy */ = {
			isa = PBXContainerItemProxy;
			containerPortal = 4FD20AFB261C07BF00381508 /* Project object */;
			proxyType = 1;
			remoteGlobalIDString = 4FD20B02261C07BF00381508;
			remoteInfo = MyCodeApp;
		};
/* End PBXContainerItemProxy section */

/* Begin PBXFileReference section */
		26FFC4CC723CDCA9DBCCE2C4 /* Pods-MyCodeApp.debug.xcconfig */ = {isa = PBXFileReference; includeInIndex = 1; lastKnownFileType = text.xcconfig; name = "Pods-MyCodeApp.debug.xcconfig"; path = "Target Support Files/Pods-MyCodeApp/Pods-MyCodeApp.debug.xcconfig"; sourceTree = "<group>"; };
		4FCC721D26899A73006F725C /* ZJ_TimeDownVC.h */ = {isa = PBXFileReference; lastKnownFileType = sourcecode.c.h; path = ZJ_TimeDownVC.h; sourceTree = "<group>"; };
		4FCC721E26899A73006F725C /* ZJ_TimeDownVC.m */ = {isa = PBXFileReference; lastKnownFileType = sourcecode.c.objc; path = ZJ_TimeDownVC.m; sourceTree = "<group>"; };
		4FCC722126899BB6006F725C /* ZJ_TimeDownView.h */ = {isa = PBXFileReference; lastKnownFileType = sourcecode.c.h; path = ZJ_TimeDownView.h; sourceTree = "<group>"; };
		4FCC722226899BB6006F725C /* ZJ_TimeDownView.m */ = {isa = PBXFileReference; lastKnownFileType = sourcecode.c.objc; path = ZJ_TimeDownView.m; sourceTree = "<group>"; };
		4FD20B03261C07BF00381508 /* MyCodeApp.app */ = {isa = PBXFileReference; explicitFileType = wrapper.application; includeInIndex = 0; path = MyCodeApp.app; sourceTree = BUILT_PRODUCTS_DIR; };
		4FD20B06261C07BF00381508 /* AppDelegate.h */ = {isa = PBXFileReference; lastKnownFileType = sourcecode.c.h; path = AppDelegate.h; sourceTree = "<group>"; };
		4FD20B07261C07BF00381508 /* AppDelegate.m */ = {isa = PBXFileReference; lastKnownFileType = sourcecode.c.objc; path = AppDelegate.m; sourceTree = "<group>"; };
		4FD20B09261C07BF00381508 /* SceneDelegate.h */ = {isa = PBXFileReference; lastKnownFileType = sourcecode.c.h; path = SceneDelegate.h; sourceTree = "<group>"; };
		4FD20B0A261C07BF00381508 /* SceneDelegate.m */ = {isa = PBXFileReference; lastKnownFileType = sourcecode.c.objc; path = SceneDelegate.m; sourceTree = "<group>"; };
		4FD20B0C261C07BF00381508 /* ViewController.h */ = {isa = PBXFileReference; lastKnownFileType = sourcecode.c.h; path = ViewController.h; sourceTree = "<group>"; };
		4FD20B0D261C07BF00381508 /* ViewController.m */ = {isa = PBXFileReference; lastKnownFileType = sourcecode.c.objc; path = ViewController.m; sourceTree = "<group>"; };
		4FD20B10261C07BF00381508 /* Base */ = {isa = PBXFileReference; lastKnownFileType = file.storyboard; name = Base; path = Base.lproj/Main.storyboard; sourceTree = "<group>"; };
		4FD20B12261C07C400381508 /* Assets.xcassets */ = {isa = PBXFileReference; lastKnownFileType = folder.assetcatalog; path = Assets.xcassets; sourceTree = "<group>"; };
		4FD20B15261C07C400381508 /* Base */ = {isa = PBXFileReference; lastKnownFileType = file.storyboard; name = Base; path = Base.lproj/LaunchScreen.storyboard; sourceTree = "<group>"; };
		4FD20B17261C07C400381508 /* Info.plist */ = {isa = PBXFileReference; lastKnownFileType = text.plist.xml; path = Info.plist; sourceTree = "<group>"; };
		4FD20B18261C07C400381508 /* main.m */ = {isa = PBXFileReference; lastKnownFileType = sourcecode.c.objc; path = main.m; sourceTree = "<group>"; };
		4FD20B1E261C07C500381508 /* MyCodeAppTests.xctest */ = {isa = PBXFileReference; explicitFileType = wrapper.cfbundle; includeInIndex = 0; path = MyCodeAppTests.xctest; sourceTree = BUILT_PRODUCTS_DIR; };
		4FD20B22261C07C500381508 /* MyCodeAppTests.m */ = {isa = PBXFileReference; lastKnownFileType = sourcecode.c.objc; path = MyCodeAppTests.m; sourceTree = "<group>"; };
		4FD20B24261C07C500381508 /* Info.plist */ = {isa = PBXFileReference; lastKnownFileType = text.plist.xml; path = Info.plist; sourceTree = "<group>"; };
		4FD20B29261C07C500381508 /* MyCodeAppUITests.xctest */ = {isa = PBXFileReference; explicitFileType = wrapper.cfbundle; includeInIndex = 0; path = MyCodeAppUITests.xctest; sourceTree = BUILT_PRODUCTS_DIR; };
		4FD20B2D261C07C500381508 /* MyCodeAppUITests.m */ = {isa = PBXFileReference; lastKnownFileType = sourcecode.c.objc; path = MyCodeAppUITests.m; sourceTree = "<group>"; };
		4FD20B2F261C07C500381508 /* Info.plist */ = {isa = PBXFileReference; lastKnownFileType = text.plist.xml; path = Info.plist; sourceTree = "<group>"; };
		4FD20B4E261C331500381508 /* PrefixHeader.pch */ = {isa = PBXFileReference; lastKnownFileType = sourcecode.c.h; path = PrefixHeader.pch; sourceTree = "<group>"; };
		4FD20B51261C5A7D00381508 /* ZJ_MarcoHeader.h */ = {isa = PBXFileReference; lastKnownFileType = sourcecode.c.h; path = ZJ_MarcoHeader.h; sourceTree = "<group>"; };
		4FD20B55261D522900381508 /* ZJ_MarcoHelper.h */ = {isa = PBXFileReference; lastKnownFileType = sourcecode.c.h; path = ZJ_MarcoHelper.h; sourceTree = "<group>"; };
		4FD20B56261D522900381508 /* ZJ_MarcoHelper.m */ = {isa = PBXFileReference; lastKnownFileType = sourcecode.c.objc; path = ZJ_MarcoHelper.m; sourceTree = "<group>"; };
		4FD20B5D261D68AB00381508 /* NSString+Extension.h */ = {isa = PBXFileReference; lastKnownFileType = sourcecode.c.h; path = "NSString+Extension.h"; sourceTree = "<group>"; };
		4FD20B5E261D68AB00381508 /* NSString+Extension.m */ = {isa = PBXFileReference; lastKnownFileType = sourcecode.c.objc; path = "NSString+Extension.m"; sourceTree = "<group>"; };
		4FD20B60261D6A3000381508 /* NSArray+Extension.h */ = {isa = PBXFileReference; lastKnownFileType = sourcecode.c.h; path = "NSArray+Extension.h"; sourceTree = "<group>"; };
		4FD20B61261D6A3000381508 /* NSArray+Extension.m */ = {isa = PBXFileReference; lastKnownFileType = sourcecode.c.objc; path = "NSArray+Extension.m"; sourceTree = "<group>"; };
		4FD20B63261D886C00381508 /* NSCharacterSet+Extension.h */ = {isa = PBXFileReference; lastKnownFileType = sourcecode.c.h; path = "NSCharacterSet+Extension.h"; sourceTree = "<group>"; };
		4FD20B64261D886C00381508 /* NSCharacterSet+Extension.m */ = {isa = PBXFileReference; lastKnownFileType = sourcecode.c.objc; path = "NSCharacterSet+Extension.m"; sourceTree = "<group>"; };
		4FD20B67261D89C600381508 /* NSNumber+Extension.h */ = {isa = PBXFileReference; lastKnownFileType = sourcecode.c.h; path = "NSNumber+Extension.h"; sourceTree = "<group>"; };
		4FD20B68261D89C600381508 /* NSNumber+Extension.m */ = {isa = PBXFileReference; lastKnownFileType = sourcecode.c.objc; path = "NSNumber+Extension.m"; sourceTree = "<group>"; };
		4FD20B72261E9FED00381508 /* ZJ_CodeBlockVC.h */ = {isa = PBXFileReference; lastKnownFileType = sourcecode.c.h; path = ZJ_CodeBlockVC.h; sourceTree = "<group>"; };
		4FD20B73261E9FED00381508 /* ZJ_CodeBlockVC.m */ = {isa = PBXFileReference; lastKnownFileType = sourcecode.c.objc; path = ZJ_CodeBlockVC.m; sourceTree = "<group>"; };
		4FD20B7E261EE47F00381508 /* ZJUILabel.h */ = {isa = PBXFileReference; lastKnownFileType = sourcecode.c.h; path = ZJUILabel.h; sourceTree = "<group>"; };
		4FD20B7F261EE47F00381508 /* ZJUILabel.m */ = {isa = PBXFileReference; lastKnownFileType = sourcecode.c.objc; path = ZJUILabel.m; sourceTree = "<group>"; };
		4FD20B89262000F900381508 /* FunctionCodeListVC.h */ = {isa = PBXFileReference; lastKnownFileType = sourcecode.c.h; path = FunctionCodeListVC.h; sourceTree = "<group>"; };
		4FD20B8A262000F900381508 /* FunctionCodeListVC.m */ = {isa = PBXFileReference; lastKnownFileType = sourcecode.c.objc; path = FunctionCodeListVC.m; sourceTree = "<group>"; };
		4FD20B8D262001FA00381508 /* ThirdPartyDemoVC.h */ = {isa = PBXFileReference; lastKnownFileType = sourcecode.c.h; path = ThirdPartyDemoVC.h; sourceTree = "<group>"; };
		4FD20B8E262001FA00381508 /* ThirdPartyDemoVC.m */ = {isa = PBXFileReference; lastKnownFileType = sourcecode.c.objc; path = ThirdPartyDemoVC.m; sourceTree = "<group>"; };
		58650A37468E70A64FE44B48 /* Pods-MyCodeApp.release.xcconfig */ = {isa = PBXFileReference; includeInIndex = 1; lastKnownFileType = text.xcconfig; name = "Pods-MyCodeApp.release.xcconfig"; path = "Target Support Files/Pods-MyCodeApp/Pods-MyCodeApp.release.xcconfig"; sourceTree = "<group>"; };
		5EAE2FFCF9B9A5D7E049539D /* Pods_MyCodeApp_MyCodeAppUITests.framework */ = {isa = PBXFileReference; explicitFileType = wrapper.framework; includeInIndex = 0; path = Pods_MyCodeApp_MyCodeAppUITests.framework; sourceTree = BUILT_PRODUCTS_DIR; };
		6904B826A16EFF82FF6A5EB3 /* Pods_MyCodeAppTests.framework */ = {isa = PBXFileReference; explicitFileType = wrapper.framework; includeInIndex = 0; path = Pods_MyCodeAppTests.framework; sourceTree = BUILT_PRODUCTS_DIR; };
		81BF1EDAA16BF63F7EC3893A /* Pods_MyCodeApp.framework */ = {isa = PBXFileReference; explicitFileType = wrapper.framework; includeInIndex = 0; path = Pods_MyCodeApp.framework; sourceTree = BUILT_PRODUCTS_DIR; };
		8400E604285F4BE400419E89 /* UIColor+Extension.h */ = {isa = PBXFileReference; lastKnownFileType = sourcecode.c.h; path = "UIColor+Extension.h"; sourceTree = "<group>"; };
		8400E605285F4BE400419E89 /* UIColor+Extension.m */ = {isa = PBXFileReference; lastKnownFileType = sourcecode.c.objc; path = "UIColor+Extension.m"; sourceTree = "<group>"; };
		8400E61128615E1E00419E89 /* NSDictionary+Extension.h */ = {isa = PBXFileReference; lastKnownFileType = sourcecode.c.h; path = "NSDictionary+Extension.h"; sourceTree = "<group>"; };
		8400E61228615E1E00419E89 /* NSDictionary+Extension.m */ = {isa = PBXFileReference; lastKnownFileType = sourcecode.c.objc; path = "NSDictionary+Extension.m"; sourceTree = "<group>"; };
		8400E61428615E4200419E89 /* NSDate+Extension.h */ = {isa = PBXFileReference; lastKnownFileType = sourcecode.c.h; path = "NSDate+Extension.h"; sourceTree = "<group>"; };
		8400E61528615E4200419E89 /* NSDate+Extension.m */ = {isa = PBXFileReference; lastKnownFileType = sourcecode.c.objc; path = "NSDate+Extension.m"; sourceTree = "<group>"; };
		8400E64B28649DE800419E89 /* UIView+Extension.h */ = {isa = PBXFileReference; lastKnownFileType = sourcecode.c.h; path = "UIView+Extension.h"; sourceTree = "<group>"; };
		8400E64C28649DE800419E89 /* UIView+Extension.m */ = {isa = PBXFileReference; lastKnownFileType = sourcecode.c.objc; path = "UIView+Extension.m"; sourceTree = "<group>"; };
		8480F71428523CDF00F4303E /* BRResultModel.m */ = {isa = PBXFileReference; fileEncoding = 4; lastKnownFileType = sourcecode.c.objc; path = BRResultModel.m; sourceTree = "<group>"; };
		8480F71528523CDF00F4303E /* BRStringPickerView.h */ = {isa = PBXFileReference; fileEncoding = 4; lastKnownFileType = sourcecode.c.h; path = BRStringPickerView.h; sourceTree = "<group>"; };
		8480F71628523CDF00F4303E /* BRResultModel.h */ = {isa = PBXFileReference; fileEncoding = 4; lastKnownFileType = sourcecode.c.h; path = BRResultModel.h; sourceTree = "<group>"; };
		8480F71728523CDF00F4303E /* BRStringPickerView.m */ = {isa = PBXFileReference; fileEncoding = 4; lastKnownFileType = sourcecode.c.objc; path = BRStringPickerView.m; sourceTree = "<group>"; };
		8480F71828523CDF00F4303E /* BRPickerView.h */ = {isa = PBXFileReference; fileEncoding = 4; lastKnownFileType = sourcecode.c.h; path = BRPickerView.h; sourceTree = "<group>"; };
		8480F71A28523CDF00F4303E /* BRDatePickerView+BR.m */ = {isa = PBXFileReference; fileEncoding = 4; lastKnownFileType = sourcecode.c.objc; path = "BRDatePickerView+BR.m"; sourceTree = "<group>"; };
		8480F71B28523CDF00F4303E /* BRDatePickerView.h */ = {isa = PBXFileReference; fileEncoding = 4; lastKnownFileType = sourcecode.c.h; path = BRDatePickerView.h; sourceTree = "<group>"; };
		8480F71C28523CDF00F4303E /* NSDate+BRPickerView.m */ = {isa = PBXFileReference; fileEncoding = 4; lastKnownFileType = sourcecode.c.objc; path = "NSDate+BRPickerView.m"; sourceTree = "<group>"; };
		8480F71D28523CDF00F4303E /* BRDatePickerView.m */ = {isa = PBXFileReference; fileEncoding = 4; lastKnownFileType = sourcecode.c.objc; path = BRDatePickerView.m; sourceTree = "<group>"; };
		8480F71E28523CDF00F4303E /* BRDatePickerView+BR.h */ = {isa = PBXFileReference; fileEncoding = 4; lastKnownFileType = sourcecode.c.h; path = "BRDatePickerView+BR.h"; sourceTree = "<group>"; };
		8480F71F28523CDF00F4303E /* NSDate+BRPickerView.h */ = {isa = PBXFileReference; fileEncoding = 4; lastKnownFileType = sourcecode.c.h; path = "NSDate+BRPickerView.h"; sourceTree = "<group>"; };
		8480F72128523CDF00F4303E /* NSBundle+BRPickerView.h */ = {isa = PBXFileReference; fileEncoding = 4; lastKnownFileType = sourcecode.c.h; path = "NSBundle+BRPickerView.h"; sourceTree = "<group>"; };
		8480F72228523CDF00F4303E /* BRPickerViewMacro.h */ = {isa = PBXFileReference; fileEncoding = 4; lastKnownFileType = sourcecode.c.h; path = BRPickerViewMacro.h; sourceTree = "<group>"; };
		8480F72328523CDF00F4303E /* BRPickerView.bundle */ = {isa = PBXFileReference; lastKnownFileType = "wrapper.plug-in"; path = BRPickerView.bundle; sourceTree = "<group>"; };
		8480F72428523CDF00F4303E /* BRPickerStyle.m */ = {isa = PBXFileReference; fileEncoding = 4; lastKnownFileType = sourcecode.c.objc; path = BRPickerStyle.m; sourceTree = "<group>"; };
		8480F72528523CDF00F4303E /* BRBaseView.m */ = {isa = PBXFileReference; fileEncoding = 4; lastKnownFileType = sourcecode.c.objc; path = BRBaseView.m; sourceTree = "<group>"; };
		8480F72628523CDF00F4303E /* NSBundle+BRPickerView.m */ = {isa = PBXFileReference; fileEncoding = 4; lastKnownFileType = sourcecode.c.objc; path = "NSBundle+BRPickerView.m"; sourceTree = "<group>"; };
		8480F72728523CDF00F4303E /* BRBaseView.h */ = {isa = PBXFileReference; fileEncoding = 4; lastKnownFileType = sourcecode.c.h; path = BRBaseView.h; sourceTree = "<group>"; };
		8480F72828523CDF00F4303E /* BRPickerStyle.h */ = {isa = PBXFileReference; fileEncoding = 4; lastKnownFileType = sourcecode.c.h; path = BRPickerStyle.h; sourceTree = "<group>"; };
		8480F72A28523CDF00F4303E /* BRAddressModel.m */ = {isa = PBXFileReference; fileEncoding = 4; lastKnownFileType = sourcecode.c.objc; path = BRAddressModel.m; sourceTree = "<group>"; };
		8480F72B28523CDF00F4303E /* BRAddressPickerView.h */ = {isa = PBXFileReference; fileEncoding = 4; lastKnownFileType = sourcecode.c.h; path = BRAddressPickerView.h; sourceTree = "<group>"; };
		8480F72C28523CDF00F4303E /* BRAddressModel.h */ = {isa = PBXFileReference; fileEncoding = 4; lastKnownFileType = sourcecode.c.h; path = BRAddressModel.h; sourceTree = "<group>"; };
		8480F72D28523CDF00F4303E /* BRAddressPickerView.m */ = {isa = PBXFileReference; fileEncoding = 4; lastKnownFileType = sourcecode.c.objc; path = BRAddressPickerView.m; sourceTree = "<group>"; };
		8480F76C28561AD500F4303E /* ZJ_CodeBlockViewController.h */ = {isa = PBXFileReference; lastKnownFileType = sourcecode.c.h; path = ZJ_CodeBlockViewController.h; sourceTree = "<group>"; };
		8480F76D28561AD500F4303E /* ZJ_CodeBlockViewController.m */ = {isa = PBXFileReference; lastKnownFileType = sourcecode.c.objc; path = ZJ_CodeBlockViewController.m; sourceTree = "<group>"; };
		8480F772285B093100F4303E /* NSAttributedString+Custom.h */ = {isa = PBXFileReference; lastKnownFileType = sourcecode.c.h; path = "NSAttributedString+Custom.h"; sourceTree = "<group>"; };
		8480F773285B093100F4303E /* NSAttributedString+Custom.m */ = {isa = PBXFileReference; lastKnownFileType = sourcecode.c.objc; path = "NSAttributedString+Custom.m"; sourceTree = "<group>"; };
		8480F778285B0D4200F4303E /* UIButton+Extension.h */ = {isa = PBXFileReference; lastKnownFileType = sourcecode.c.h; path = "UIButton+Extension.h"; sourceTree = "<group>"; };
		8480F779285B0D4200F4303E /* UIButton+Extension.m */ = {isa = PBXFileReference; lastKnownFileType = sourcecode.c.objc; path = "UIButton+Extension.m"; sourceTree = "<group>"; };
		8480F77B285C57D000F4303E /* UIImage+Extension.h */ = {isa = PBXFileReference; lastKnownFileType = sourcecode.c.h; path = "UIImage+Extension.h"; sourceTree = "<group>"; };
		8480F77C285C57D000F4303E /* UIImage+Extension.m */ = {isa = PBXFileReference; lastKnownFileType = sourcecode.c.objc; path = "UIImage+Extension.m"; sourceTree = "<group>"; };
		8480F77E285C57F400F4303E /* UITextField+Extension.h */ = {isa = PBXFileReference; lastKnownFileType = sourcecode.c.h; path = "UITextField+Extension.h"; sourceTree = "<group>"; };
		8480F77F285C57F400F4303E /* UITextField+Extension.m */ = {isa = PBXFileReference; lastKnownFileType = sourcecode.c.objc; path = "UITextField+Extension.m"; sourceTree = "<group>"; };
		8480F781285C580000F4303E /* UILabel+Extension.h */ = {isa = PBXFileReference; lastKnownFileType = sourcecode.c.h; path = "UILabel+Extension.h"; sourceTree = "<group>"; };
		8480F782285C580000F4303E /* UILabel+Extension.m */ = {isa = PBXFileReference; lastKnownFileType = sourcecode.c.objc; path = "UILabel+Extension.m"; sourceTree = "<group>"; };
		8480F784285C5C4B00F4303E /* NSMutableAttributedString+Custom.h */ = {isa = PBXFileReference; lastKnownFileType = sourcecode.c.h; path = "NSMutableAttributedString+Custom.h"; sourceTree = "<group>"; };
		8480F785285C5C4B00F4303E /* NSMutableAttributedString+Custom.m */ = {isa = PBXFileReference; lastKnownFileType = sourcecode.c.objc; path = "NSMutableAttributedString+Custom.m"; sourceTree = "<group>"; };
		84EEB49D2865E94E009254E2 /* ZJ_TemplateCodeVC.h */ = {isa = PBXFileReference; lastKnownFileType = sourcecode.c.h; path = ZJ_TemplateCodeVC.h; sourceTree = "<group>"; };
		84EEB49E2865E94E009254E2 /* ZJ_TemplateCodeVC.m */ = {isa = PBXFileReference; lastKnownFileType = sourcecode.c.objc; path = ZJ_TemplateCodeVC.m; sourceTree = "<group>"; };
		84EEB4A02866A01E009254E2 /* ZJ_NormalDetailTitleCell.h */ = {isa = PBXFileReference; lastKnownFileType = sourcecode.c.h; path = ZJ_NormalDetailTitleCell.h; sourceTree = "<group>"; };
		84EEB4A12866A01E009254E2 /* ZJ_NormalDetailTitleCell.m */ = {isa = PBXFileReference; lastKnownFileType = sourcecode.c.objc; path = ZJ_NormalDetailTitleCell.m; sourceTree = "<group>"; };
		84EEB4A32866A03E009254E2 /* ZJ_NormalDetailTitleAndContentCell.h */ = {isa = PBXFileReference; lastKnownFileType = sourcecode.c.h; path = ZJ_NormalDetailTitleAndContentCell.h; sourceTree = "<group>"; };
		84EEB4A42866A03E009254E2 /* ZJ_NormalDetailTitleAndContentCell.m */ = {isa = PBXFileReference; lastKnownFileType = sourcecode.c.objc; path = ZJ_NormalDetailTitleAndContentCell.m; sourceTree = "<group>"; };
		84EEB4A62866A054009254E2 /* ZJ_NormalDetailCollectionViewCell.h */ = {isa = PBXFileReference; lastKnownFileType = sourcecode.c.h; path = ZJ_NormalDetailCollectionViewCell.h; sourceTree = "<group>"; };
		84EEB4A72866A054009254E2 /* ZJ_NormalDetailCollectionViewCell.m */ = {isa = PBXFileReference; lastKnownFileType = sourcecode.c.objc; path = ZJ_NormalDetailCollectionViewCell.m; sourceTree = "<group>"; };
		84EEB4A92866A065009254E2 /* ZJ_NormalDetailTitleAndTextViewCell.h */ = {isa = PBXFileReference; lastKnownFileType = sourcecode.c.h; path = ZJ_NormalDetailTitleAndTextViewCell.h; sourceTree = "<group>"; };
		84EEB4AA2866A065009254E2 /* ZJ_NormalDetailTitleAndTextViewCell.m */ = {isa = PBXFileReference; lastKnownFileType = sourcecode.c.objc; path = ZJ_NormalDetailTitleAndTextViewCell.m; sourceTree = "<group>"; };
		84EEB4C0286B2082009254E2 /* ZJ_TemplateCodeViewModel.h */ = {isa = PBXFileReference; lastKnownFileType = sourcecode.c.h; path = ZJ_TemplateCodeViewModel.h; sourceTree = "<group>"; };
		84EEB4C1286B2082009254E2 /* ZJ_TemplateCodeViewModel.m */ = {isa = PBXFileReference; lastKnownFileType = sourcecode.c.objc; path = ZJ_TemplateCodeViewModel.m; sourceTree = "<group>"; };
		84EEB4C3286EC3F4009254E2 /* UITextView+Extension.h */ = {isa = PBXFileReference; lastKnownFileType = sourcecode.c.h; path = "UITextView+Extension.h"; sourceTree = "<group>"; };
		84EEB4C4286EC3F4009254E2 /* UITextView+Extension.m */ = {isa = PBXFileReference; lastKnownFileType = sourcecode.c.objc; path = "UITextView+Extension.m"; sourceTree = "<group>"; };
		84EEB4C7286ECFF1009254E2 /* ZJ_TemplateHeaderView.h */ = {isa = PBXFileReference; lastKnownFileType = sourcecode.c.h; path = ZJ_TemplateHeaderView.h; sourceTree = "<group>"; };
		84EEB4C8286ECFF1009254E2 /* ZJ_TemplateHeaderView.m */ = {isa = PBXFileReference; lastKnownFileType = sourcecode.c.objc; path = ZJ_TemplateHeaderView.m; sourceTree = "<group>"; };
		84EEB4CA2870210C009254E2 /* ZJ_NormalInputTextFieldCell.h */ = {isa = PBXFileReference; lastKnownFileType = sourcecode.c.h; path = ZJ_NormalInputTextFieldCell.h; sourceTree = "<group>"; };
		84EEB4CB2870210C009254E2 /* ZJ_NormalInputTextFieldCell.m */ = {isa = PBXFileReference; lastKnownFileType = sourcecode.c.objc; path = ZJ_NormalInputTextFieldCell.m; sourceTree = "<group>"; };
		84EEB4CD28702151009254E2 /* ZJ_NormalLableAndBtnCell.h */ = {isa = PBXFileReference; lastKnownFileType = sourcecode.c.h; path = ZJ_NormalLableAndBtnCell.h; sourceTree = "<group>"; };
		84EEB4CE28702151009254E2 /* ZJ_NormalLableAndBtnCell.m */ = {isa = PBXFileReference; lastKnownFileType = sourcecode.c.objc; path = ZJ_NormalLableAndBtnCell.m; sourceTree = "<group>"; };
		84EEB4D02872DAB2009254E2 /* ZJ_Custom_WorkFlow.h */ = {isa = PBXFileReference; lastKnownFileType = sourcecode.c.h; path = ZJ_Custom_WorkFlow.h; sourceTree = "<group>"; };
		84EEB4D12872DAB2009254E2 /* ZJ_Custom_WorkFlow.m */ = {isa = PBXFileReference; lastKnownFileType = sourcecode.c.objc; path = ZJ_Custom_WorkFlow.m; sourceTree = "<group>"; };
		84EEB4D32874227C009254E2 /* ZJ_TwoTabelviewTemplateVC.h */ = {isa = PBXFileReference; lastKnownFileType = sourcecode.c.h; path = ZJ_TwoTabelviewTemplateVC.h; sourceTree = "<group>"; };
		84EEB4D42874227C009254E2 /* ZJ_TwoTabelviewTemplateVC.m */ = {isa = PBXFileReference; lastKnownFileType = sourcecode.c.objc; path = ZJ_TwoTabelviewTemplateVC.m; sourceTree = "<group>"; };
		84EEB4D628742478009254E2 /* ZJ_TwoTabelviewTemplateSubVC.h */ = {isa = PBXFileReference; lastKnownFileType = sourcecode.c.h; path = ZJ_TwoTabelviewTemplateSubVC.h; sourceTree = "<group>"; };
		84EEB4D728742478009254E2 /* ZJ_TwoTabelviewTemplateSubVC.m */ = {isa = PBXFileReference; lastKnownFileType = sourcecode.c.objc; path = ZJ_TwoTabelviewTemplateSubVC.m; sourceTree = "<group>"; };
		84EEB509287983D8009254E2 /* ZJ_LeftTableViewCell.h */ = {isa = PBXFileReference; lastKnownFileType = sourcecode.c.h; path = ZJ_LeftTableViewCell.h; sourceTree = "<group>"; };
		84EEB50A287983D8009254E2 /* ZJ_LeftTableViewCell.m */ = {isa = PBXFileReference; lastKnownFileType = sourcecode.c.objc; path = ZJ_LeftTableViewCell.m; sourceTree = "<group>"; };
		8EB92B16F41CB5E109AE8B23 /* Pods-MyCodeApp-MyCodeAppUITests.release.xcconfig */ = {isa = PBXFileReference; includeInIndex = 1; lastKnownFileType = text.xcconfig; name = "Pods-MyCodeApp-MyCodeAppUITests.release.xcconfig"; path = "Target Support Files/Pods-MyCodeApp-MyCodeAppUITests/Pods-MyCodeApp-MyCodeAppUITests.release.xcconfig"; sourceTree = "<group>"; };
		980395CCB5772613D38F931C /* Pods-MyCodeApp-MyCodeAppUITests.debug.xcconfig */ = {isa = PBXFileReference; includeInIndex = 1; lastKnownFileType = text.xcconfig; name = "Pods-MyCodeApp-MyCodeAppUITests.debug.xcconfig"; path = "Target Support Files/Pods-MyCodeApp-MyCodeAppUITests/Pods-MyCodeApp-MyCodeAppUITests.debug.xcconfig"; sourceTree = "<group>"; };
		9A6C240EA0E0248FFD598836 /* Pods-MyCodeAppTests.debug.xcconfig */ = {isa = PBXFileReference; includeInIndex = 1; lastKnownFileType = text.xcconfig; name = "Pods-MyCodeAppTests.debug.xcconfig"; path = "Target Support Files/Pods-MyCodeAppTests/Pods-MyCodeAppTests.debug.xcconfig"; sourceTree = "<group>"; };
		AD99F09E1C2CC61F13E476ED /* Pods-MyCodeAppTests.release.xcconfig */ = {isa = PBXFileReference; includeInIndex = 1; lastKnownFileType = text.xcconfig; name = "Pods-MyCodeAppTests.release.xcconfig"; path = "Target Support Files/Pods-MyCodeAppTests/Pods-MyCodeAppTests.release.xcconfig"; sourceTree = "<group>"; };
/* End PBXFileReference section */

/* Begin PBXFrameworksBuildPhase section */
		4FD20B00261C07BF00381508 /* Frameworks */ = {
			isa = PBXFrameworksBuildPhase;
			buildActionMask = 2147483647;
			files = (
				D6D44FB5BF7139F51513DE02 /* Pods_MyCodeApp.framework in Frameworks */,
			);
			runOnlyForDeploymentPostprocessing = 0;
		};
		4FD20B1B261C07C500381508 /* Frameworks */ = {
			isa = PBXFrameworksBuildPhase;
			buildActionMask = 2147483647;
			files = (
				793A16AAA9D5648B8B3235C0 /* Pods_MyCodeAppTests.framework in Frameworks */,
			);
			runOnlyForDeploymentPostprocessing = 0;
		};
		4FD20B26261C07C500381508 /* Frameworks */ = {
			isa = PBXFrameworksBuildPhase;
			buildActionMask = 2147483647;
			files = (
				755804D084A237FA9EB2B543 /* Pods_MyCodeApp_MyCodeAppUITests.framework in Frameworks */,
			);
			runOnlyForDeploymentPostprocessing = 0;
		};
/* End PBXFrameworksBuildPhase section */

/* Begin PBXGroup section */
		4FCC722026899B91006F725C /* View */ = {
			isa = PBXGroup;
			children = (
				4FCC722126899BB6006F725C /* ZJ_TimeDownView.h */,
				4FCC722226899BB6006F725C /* ZJ_TimeDownView.m */,
			);
			path = View;
			sourceTree = "<group>";
		};
		4FCC722426899BBE006F725C /* ViewController */ = {
			isa = PBXGroup;
			children = (
				4FCC721D26899A73006F725C /* ZJ_TimeDownVC.h */,
				4FCC721E26899A73006F725C /* ZJ_TimeDownVC.m */,
			);
			path = ViewController;
			sourceTree = "<group>";
		};
		4FD20AFA261C07BF00381508 = {
			isa = PBXGroup;
			children = (
				4FD20B05261C07BF00381508 /* MyCodeApp */,
				4FD20B21261C07C500381508 /* MyCodeAppTests */,
				4FD20B2C261C07C500381508 /* MyCodeAppUITests */,
				4FD20B04261C07BF00381508 /* Products */,
				D0F98B4DAD31435882207F5D /* Pods */,
				6E7258A66D037B19C8B51F4E /* Frameworks */,
			);
			sourceTree = "<group>";
		};
		4FD20B04261C07BF00381508 /* Products */ = {
			isa = PBXGroup;
			children = (
				4FD20B03261C07BF00381508 /* MyCodeApp.app */,
				4FD20B1E261C07C500381508 /* MyCodeAppTests.xctest */,
				4FD20B29261C07C500381508 /* MyCodeAppUITests.xctest */,
			);
			name = Products;
			sourceTree = "<group>";
		};
		4FD20B05261C07BF00381508 /* MyCodeApp */ = {
			isa = PBXGroup;
			children = (
				84EEB49C2865E932009254E2 /* TemplateCode */,
				4FD20B7D261EE43000381508 /* UIComponents */,
				4FD20B3E261C0A3200381508 /* Code Block */,
				4FD20B3F261C0A4400381508 /* Function Code */,
				4FD20B8C262001CA00381508 /* ThirdPartyDemo */,
				4FD20B40261C0A5100381508 /* Marco */,
				4FD20B5C261D66B700381508 /* UIKitExtension */,
				4FD20B06261C07BF00381508 /* AppDelegate.h */,
				4FD20B07261C07BF00381508 /* AppDelegate.m */,
				4FD20B09261C07BF00381508 /* SceneDelegate.h */,
				4FD20B0A261C07BF00381508 /* SceneDelegate.m */,
				4FD20B0C261C07BF00381508 /* ViewController.h */,
				4FD20B0D261C07BF00381508 /* ViewController.m */,
				4FD20B4E261C331500381508 /* PrefixHeader.pch */,
				4FD20B0F261C07BF00381508 /* Main.storyboard */,
				4FD20B12261C07C400381508 /* Assets.xcassets */,
				4FD20B14261C07C400381508 /* LaunchScreen.storyboard */,
				4FD20B17261C07C400381508 /* Info.plist */,
				4FD20B18261C07C400381508 /* main.m */,
			);
			path = MyCodeApp;
			sourceTree = "<group>";
		};
		4FD20B21261C07C500381508 /* MyCodeAppTests */ = {
			isa = PBXGroup;
			children = (
				4FD20B22261C07C500381508 /* MyCodeAppTests.m */,
				4FD20B24261C07C500381508 /* Info.plist */,
			);
			path = MyCodeAppTests;
			sourceTree = "<group>";
		};
		4FD20B2C261C07C500381508 /* MyCodeAppUITests */ = {
			isa = PBXGroup;
			children = (
				4FD20B2D261C07C500381508 /* MyCodeAppUITests.m */,
				4FD20B2F261C07C500381508 /* Info.plist */,
			);
			path = MyCodeAppUITests;
			sourceTree = "<group>";
		};
		4FD20B3E261C0A3200381508 /* Code Block */ = {
			isa = PBXGroup;
			children = (
				4FD20B72261E9FED00381508 /* ZJ_CodeBlockVC.h */,
				4FD20B73261E9FED00381508 /* ZJ_CodeBlockVC.m */,
				8480F76C28561AD500F4303E /* ZJ_CodeBlockViewController.h */,
				8480F76D28561AD500F4303E /* ZJ_CodeBlockViewController.m */,
			);
			path = "Code Block";
			sourceTree = "<group>";
		};
		4FD20B3F261C0A4400381508 /* Function Code */ = {
			isa = PBXGroup;
			children = (
				4FCC722426899BBE006F725C /* ViewController */,
				4FCC722026899B91006F725C /* View */,
				4FD20B89262000F900381508 /* FunctionCodeListVC.h */,
				4FD20B8A262000F900381508 /* FunctionCodeListVC.m */,
			);
			path = "Function Code";
			sourceTree = "<group>";
		};
		4FD20B40261C0A5100381508 /* Marco */ = {
			isa = PBXGroup;
			children = (
				4FD20B51261C5A7D00381508 /* ZJ_MarcoHeader.h */,
				4FD20B55261D522900381508 /* ZJ_MarcoHelper.h */,
				4FD20B56261D522900381508 /* ZJ_MarcoHelper.m */,
			);
			path = Marco;
			sourceTree = "<group>";
		};
		4FD20B5C261D66B700381508 /* UIKitExtension */ = {
			isa = PBXGroup;
			children = (
				4FD20B5D261D68AB00381508 /* NSString+Extension.h */,
				4FD20B5E261D68AB00381508 /* NSString+Extension.m */,
				8480F772285B093100F4303E /* NSAttributedString+Custom.h */,
				8480F773285B093100F4303E /* NSAttributedString+Custom.m */,
				8480F784285C5C4B00F4303E /* NSMutableAttributedString+Custom.h */,
				8480F785285C5C4B00F4303E /* NSMutableAttributedString+Custom.m */,
				4FD20B67261D89C600381508 /* NSNumber+Extension.h */,
				4FD20B68261D89C600381508 /* NSNumber+Extension.m */,
				4FD20B60261D6A3000381508 /* NSArray+Extension.h */,
				4FD20B61261D6A3000381508 /* NSArray+Extension.m */,
				8400E61128615E1E00419E89 /* NSDictionary+Extension.h */,
				8400E61228615E1E00419E89 /* NSDictionary+Extension.m */,
				8400E61428615E4200419E89 /* NSDate+Extension.h */,
				8400E61528615E4200419E89 /* NSDate+Extension.m */,
				4FD20B63261D886C00381508 /* NSCharacterSet+Extension.h */,
				4FD20B64261D886C00381508 /* NSCharacterSet+Extension.m */,
				8480F778285B0D4200F4303E /* UIButton+Extension.h */,
				8480F779285B0D4200F4303E /* UIButton+Extension.m */,
				8480F781285C580000F4303E /* UILabel+Extension.h */,
				8480F782285C580000F4303E /* UILabel+Extension.m */,
				8480F77B285C57D000F4303E /* UIImage+Extension.h */,
				8480F77C285C57D000F4303E /* UIImage+Extension.m */,
				8480F77E285C57F400F4303E /* UITextField+Extension.h */,
				8480F77F285C57F400F4303E /* UITextField+Extension.m */,
				8400E604285F4BE400419E89 /* UIColor+Extension.h */,
				8400E605285F4BE400419E89 /* UIColor+Extension.m */,
				8400E64B28649DE800419E89 /* UIView+Extension.h */,
				8400E64C28649DE800419E89 /* UIView+Extension.m */,
				84EEB4C3286EC3F4009254E2 /* UITextView+Extension.h */,
				84EEB4C4286EC3F4009254E2 /* UITextView+Extension.m */,
			);
			path = UIKitExtension;
			sourceTree = "<group>";
		};
		4FD20B7D261EE43000381508 /* UIComponents */ = {
			isa = PBXGroup;
			children = (
				4FD20B7E261EE47F00381508 /* ZJUILabel.h */,
				4FD20B7F261EE47F00381508 /* ZJUILabel.m */,
			);
			path = UIComponents;
			sourceTree = "<group>";
		};
		4FD20B8C262001CA00381508 /* ThirdPartyDemo */ = {
			isa = PBXGroup;
			children = (
				8480F71128523CBB00F4303E /* ThirdPart */,
				4FD20B8D262001FA00381508 /* ThirdPartyDemoVC.h */,
				4FD20B8E262001FA00381508 /* ThirdPartyDemoVC.m */,
			);
			path = ThirdPartyDemo;
			sourceTree = "<group>";
		};
		6E7258A66D037B19C8B51F4E /* Frameworks */ = {
			isa = PBXGroup;
			children = (
				81BF1EDAA16BF63F7EC3893A /* Pods_MyCodeApp.framework */,
				5EAE2FFCF9B9A5D7E049539D /* Pods_MyCodeApp_MyCodeAppUITests.framework */,
				6904B826A16EFF82FF6A5EB3 /* Pods_MyCodeAppTests.framework */,
			);
			name = Frameworks;
			sourceTree = "<group>";
		};
		8480F71128523CBB00F4303E /* ThirdPart */ = {
			isa = PBXGroup;
			children = (
				8480F71228523CDF00F4303E /* BRPickerView */,
			);
			path = ThirdPart;
			sourceTree = "<group>";
		};
		8480F71228523CDF00F4303E /* BRPickerView */ = {
			isa = PBXGroup;
			children = (
				8480F71328523CDF00F4303E /* StringPickerView */,
				8480F71828523CDF00F4303E /* BRPickerView.h */,
				8480F71928523CDF00F4303E /* DatePickerView */,
				8480F72028523CDF00F4303E /* Base */,
				8480F72928523CDF00F4303E /* AddressPickerView */,
			);
			path = BRPickerView;
			sourceTree = "<group>";
		};
		8480F71328523CDF00F4303E /* StringPickerView */ = {
			isa = PBXGroup;
			children = (
				8480F71428523CDF00F4303E /* BRResultModel.m */,
				8480F71528523CDF00F4303E /* BRStringPickerView.h */,
				8480F71628523CDF00F4303E /* BRResultModel.h */,
				8480F71728523CDF00F4303E /* BRStringPickerView.m */,
			);
			path = StringPickerView;
			sourceTree = "<group>";
		};
		8480F71928523CDF00F4303E /* DatePickerView */ = {
			isa = PBXGroup;
			children = (
				8480F71A28523CDF00F4303E /* BRDatePickerView+BR.m */,
				8480F71B28523CDF00F4303E /* BRDatePickerView.h */,
				8480F71C28523CDF00F4303E /* NSDate+BRPickerView.m */,
				8480F71D28523CDF00F4303E /* BRDatePickerView.m */,
				8480F71E28523CDF00F4303E /* BRDatePickerView+BR.h */,
				8480F71F28523CDF00F4303E /* NSDate+BRPickerView.h */,
			);
			path = DatePickerView;
			sourceTree = "<group>";
		};
		8480F72028523CDF00F4303E /* Base */ = {
			isa = PBXGroup;
			children = (
				8480F72128523CDF00F4303E /* NSBundle+BRPickerView.h */,
				8480F72228523CDF00F4303E /* BRPickerViewMacro.h */,
				8480F72328523CDF00F4303E /* BRPickerView.bundle */,
				8480F72428523CDF00F4303E /* BRPickerStyle.m */,
				8480F72528523CDF00F4303E /* BRBaseView.m */,
				8480F72628523CDF00F4303E /* NSBundle+BRPickerView.m */,
				8480F72728523CDF00F4303E /* BRBaseView.h */,
				8480F72828523CDF00F4303E /* BRPickerStyle.h */,
			);
			path = Base;
			sourceTree = "<group>";
		};
		8480F72928523CDF00F4303E /* AddressPickerView */ = {
			isa = PBXGroup;
			children = (
				8480F72A28523CDF00F4303E /* BRAddressModel.m */,
				8480F72B28523CDF00F4303E /* BRAddressPickerView.h */,
				8480F72C28523CDF00F4303E /* BRAddressModel.h */,
				8480F72D28523CDF00F4303E /* BRAddressPickerView.m */,
			);
			path = AddressPickerView;
			sourceTree = "<group>";
		};
		84EEB49C2865E932009254E2 /* TemplateCode */ = {
			isa = PBXGroup;
			children = (
				84EEB4D02872DAB2009254E2 /* ZJ_Custom_WorkFlow.h */,
				84EEB4D12872DAB2009254E2 /* ZJ_Custom_WorkFlow.m */,
				84EEB4C6286ECFBE009254E2 /* TableViewHeadFooterView */,
				84EEB4BF286B2056009254E2 /* TableViewCell */,
				84EEB50028770A72009254E2 /* View */,
				84EEB4BE286B2051009254E2 /* VC */,
				84EEB4BD286B2046009254E2 /* ViewModel */,
			);
			path = TemplateCode;
			sourceTree = "<group>";
		};
		84EEB4BD286B2046009254E2 /* ViewModel */ = {
			isa = PBXGroup;
			children = (
				84EEB4C0286B2082009254E2 /* ZJ_TemplateCodeViewModel.h */,
				84EEB4C1286B2082009254E2 /* ZJ_TemplateCodeViewModel.m */,
			);
			path = ViewModel;
			sourceTree = "<group>";
		};
		84EEB4BE286B2051009254E2 /* VC */ = {
			isa = PBXGroup;
			children = (
				84EEB507287982B6009254E2 /* LeftAndRightListVC */,
				84EEB49D2865E94E009254E2 /* ZJ_TemplateCodeVC.h */,
				84EEB49E2865E94E009254E2 /* ZJ_TemplateCodeVC.m */,
				84EEB4D32874227C009254E2 /* ZJ_TwoTabelviewTemplateVC.h */,
				84EEB4D42874227C009254E2 /* ZJ_TwoTabelviewTemplateVC.m */,
			);
			path = VC;
			sourceTree = "<group>";
		};
		84EEB4BF286B2056009254E2 /* TableViewCell */ = {
			isa = PBXGroup;
			children = (
				84EEB4A02866A01E009254E2 /* ZJ_NormalDetailTitleCell.h */,
				84EEB4A12866A01E009254E2 /* ZJ_NormalDetailTitleCell.m */,
				84EEB4A32866A03E009254E2 /* ZJ_NormalDetailTitleAndContentCell.h */,
				84EEB4A42866A03E009254E2 /* ZJ_NormalDetailTitleAndContentCell.m */,
				84EEB4A62866A054009254E2 /* ZJ_NormalDetailCollectionViewCell.h */,
				84EEB4A72866A054009254E2 /* ZJ_NormalDetailCollectionViewCell.m */,
				84EEB4A92866A065009254E2 /* ZJ_NormalDetailTitleAndTextViewCell.h */,
				84EEB4AA2866A065009254E2 /* ZJ_NormalDetailTitleAndTextViewCell.m */,
				84EEB4CA2870210C009254E2 /* ZJ_NormalInputTextFieldCell.h */,
				84EEB4CB2870210C009254E2 /* ZJ_NormalInputTextFieldCell.m */,
				84EEB4CD28702151009254E2 /* ZJ_NormalLableAndBtnCell.h */,
				84EEB4CE28702151009254E2 /* ZJ_NormalLableAndBtnCell.m */,
			);
			path = TableViewCell;
			sourceTree = "<group>";
		};
		84EEB4C6286ECFBE009254E2 /* TableViewHeadFooterView */ = {
			isa = PBXGroup;
			children = (
				84EEB4C7286ECFF1009254E2 /* ZJ_TemplateHeaderView.h */,
				84EEB4C8286ECFF1009254E2 /* ZJ_TemplateHeaderView.m */,
			);
			path = TableViewHeadFooterView;
			sourceTree = "<group>";
		};
		84EEB50028770A72009254E2 /* View */ = {
			isa = PBXGroup;
			children = (
			);
			path = View;
			sourceTree = "<group>";
		};
		84EEB507287982B6009254E2 /* LeftAndRightListVC */ = {
			isa = PBXGroup;
			children = (
				84EEB5082879834E009254E2 /* View */,
				84EEB4D628742478009254E2 /* ZJ_TwoTabelviewTemplateSubVC.h */,
				84EEB4D728742478009254E2 /* ZJ_TwoTabelviewTemplateSubVC.m */,
			);
			path = LeftAndRightListVC;
			sourceTree = "<group>";
		};
		84EEB5082879834E009254E2 /* View */ = {
			isa = PBXGroup;
			children = (
				84EEB509287983D8009254E2 /* ZJ_LeftTableViewCell.h */,
				84EEB50A287983D8009254E2 /* ZJ_LeftTableViewCell.m */,
			);
			path = View;
			sourceTree = "<group>";
		};
		D0F98B4DAD31435882207F5D /* Pods */ = {
			isa = PBXGroup;
			children = (
				26FFC4CC723CDCA9DBCCE2C4 /* Pods-MyCodeApp.debug.xcconfig */,
				58650A37468E70A64FE44B48 /* Pods-MyCodeApp.release.xcconfig */,
				980395CCB5772613D38F931C /* Pods-MyCodeApp-MyCodeAppUITests.debug.xcconfig */,
				8EB92B16F41CB5E109AE8B23 /* Pods-MyCodeApp-MyCodeAppUITests.release.xcconfig */,
				9A6C240EA0E0248FFD598836 /* Pods-MyCodeAppTests.debug.xcconfig */,
				AD99F09E1C2CC61F13E476ED /* Pods-MyCodeAppTests.release.xcconfig */,
			);
			path = Pods;
			sourceTree = "<group>";
		};
/* End PBXGroup section */

/* Begin PBXNativeTarget section */
		4FD20B02261C07BF00381508 /* MyCodeApp */ = {
			isa = PBXNativeTarget;
			buildConfigurationList = 4FD20B32261C07C500381508 /* Build configuration list for PBXNativeTarget "MyCodeApp" */;
			buildPhases = (
				B8EFE8D1A8DB43CEC3163F2E /* [CP] Check Pods Manifest.lock */,
				4FD20AFF261C07BF00381508 /* Sources */,
				4FD20B00261C07BF00381508 /* Frameworks */,
				4FD20B01261C07BF00381508 /* Resources */,
			);
			buildRules = (
			);
			dependencies = (
			);
			name = MyCodeApp;
			productName = MyCodeApp;
			productReference = 4FD20B03261C07BF00381508 /* MyCodeApp.app */;
			productType = "com.apple.product-type.application";
		};
		4FD20B1D261C07C500381508 /* MyCodeAppTests */ = {
			isa = PBXNativeTarget;
			buildConfigurationList = 4FD20B35261C07C500381508 /* Build configuration list for PBXNativeTarget "MyCodeAppTests" */;
			buildPhases = (
				FC1716042C957B5998852DE5 /* [CP] Check Pods Manifest.lock */,
				4FD20B1A261C07C500381508 /* Sources */,
				4FD20B1B261C07C500381508 /* Frameworks */,
				4FD20B1C261C07C500381508 /* Resources */,
				51D4A13BCFAEEF57B6494EE6 /* [CP] Embed Pods Frameworks */,
			);
			buildRules = (
			);
			dependencies = (
				4FD20B20261C07C500381508 /* PBXTargetDependency */,
			);
			name = MyCodeAppTests;
			productName = MyCodeAppTests;
			productReference = 4FD20B1E261C07C500381508 /* MyCodeAppTests.xctest */;
			productType = "com.apple.product-type.bundle.unit-test";
		};
		4FD20B28261C07C500381508 /* MyCodeAppUITests */ = {
			isa = PBXNativeTarget;
			buildConfigurationList = 4FD20B38261C07C500381508 /* Build configuration list for PBXNativeTarget "MyCodeAppUITests" */;
			buildPhases = (
				18513959DE17A1141BA26ADA /* [CP] Check Pods Manifest.lock */,
				4FD20B25261C07C500381508 /* Sources */,
				4FD20B26261C07C500381508 /* Frameworks */,
				4FD20B27261C07C500381508 /* Resources */,
			);
			buildRules = (
			);
			dependencies = (
				4FD20B2B261C07C500381508 /* PBXTargetDependency */,
			);
			name = MyCodeAppUITests;
			productName = MyCodeAppUITests;
			productReference = 4FD20B29261C07C500381508 /* MyCodeAppUITests.xctest */;
			productType = "com.apple.product-type.bundle.ui-testing";
		};
/* End PBXNativeTarget section */

/* Begin PBXProject section */
		4FD20AFB261C07BF00381508 /* Project object */ = {
			isa = PBXProject;
			attributes = {
				LastUpgradeCheck = 1240;
				TargetAttributes = {
					4FD20B02261C07BF00381508 = {
						CreatedOnToolsVersion = 12.4;
					};
					4FD20B1D261C07C500381508 = {
						CreatedOnToolsVersion = 12.4;
						TestTargetID = 4FD20B02261C07BF00381508;
					};
					4FD20B28261C07C500381508 = {
						CreatedOnToolsVersion = 12.4;
						TestTargetID = 4FD20B02261C07BF00381508;
					};
				};
			};
			buildConfigurationList = 4FD20AFE261C07BF00381508 /* Build configuration list for PBXProject "MyCodeApp" */;
			compatibilityVersion = "Xcode 9.3";
			developmentRegion = en;
			hasScannedForEncodings = 0;
			knownRegions = (
				en,
				Base,
			);
			mainGroup = 4FD20AFA261C07BF00381508;
			productRefGroup = 4FD20B04261C07BF00381508 /* Products */;
			projectDirPath = "";
			projectRoot = "";
			targets = (
				4FD20B02261C07BF00381508 /* MyCodeApp */,
				4FD20B1D261C07C500381508 /* MyCodeAppTests */,
				4FD20B28261C07C500381508 /* MyCodeAppUITests */,
			);
		};
/* End PBXProject section */

/* Begin PBXResourcesBuildPhase section */
		4FD20B01261C07BF00381508 /* Resources */ = {
			isa = PBXResourcesBuildPhase;
			buildActionMask = 2147483647;
			files = (
				8480F73328523CDF00F4303E /* BRPickerView.bundle in Resources */,
				4FD20B16261C07C400381508 /* LaunchScreen.storyboard in Resources */,
				4FD20B13261C07C400381508 /* Assets.xcassets in Resources */,
				4FD20B11261C07BF00381508 /* Main.storyboard in Resources */,
			);
			runOnlyForDeploymentPostprocessing = 0;
		};
		4FD20B1C261C07C500381508 /* Resources */ = {
			isa = PBXResourcesBuildPhase;
			buildActionMask = 2147483647;
			files = (
			);
			runOnlyForDeploymentPostprocessing = 0;
		};
		4FD20B27261C07C500381508 /* Resources */ = {
			isa = PBXResourcesBuildPhase;
			buildActionMask = 2147483647;
			files = (
			);
			runOnlyForDeploymentPostprocessing = 0;
		};
/* End PBXResourcesBuildPhase section */

/* Begin PBXShellScriptBuildPhase section */
		18513959DE17A1141BA26ADA /* [CP] Check Pods Manifest.lock */ = {
			isa = PBXShellScriptBuildPhase;
			buildActionMask = 2147483647;
			files = (
			);
			inputFileListPaths = (
			);
			inputPaths = (
				"${PODS_PODFILE_DIR_PATH}/Podfile.lock",
				"${PODS_ROOT}/Manifest.lock",
			);
			name = "[CP] Check Pods Manifest.lock";
			outputFileListPaths = (
			);
			outputPaths = (
				"$(DERIVED_FILE_DIR)/Pods-MyCodeApp-MyCodeAppUITests-checkManifestLockResult.txt",
			);
			runOnlyForDeploymentPostprocessing = 0;
			shellPath = /bin/sh;
			shellScript = "diff \"${PODS_PODFILE_DIR_PATH}/Podfile.lock\" \"${PODS_ROOT}/Manifest.lock\" > /dev/null\nif [ $? != 0 ] ; then\n    # print error to STDERR\n    echo \"error: The sandbox is not in sync with the Podfile.lock. Run 'pod install' or update your CocoaPods installation.\" >&2\n    exit 1\nfi\n# This output is used by Xcode 'outputs' to avoid re-running this script phase.\necho \"SUCCESS\" > \"${SCRIPT_OUTPUT_FILE_0}\"\n";
			showEnvVarsInLog = 0;
		};
		51D4A13BCFAEEF57B6494EE6 /* [CP] Embed Pods Frameworks */ = {
			isa = PBXShellScriptBuildPhase;
			buildActionMask = 2147483647;
			files = (
			);
			inputFileListPaths = (
				"${PODS_ROOT}/Target Support Files/Pods-MyCodeAppTests/Pods-MyCodeAppTests-frameworks-${CONFIGURATION}-input-files.xcfilelist",
			);
			name = "[CP] Embed Pods Frameworks";
			outputFileListPaths = (
				"${PODS_ROOT}/Target Support Files/Pods-MyCodeAppTests/Pods-MyCodeAppTests-frameworks-${CONFIGURATION}-output-files.xcfilelist",
			);
			runOnlyForDeploymentPostprocessing = 0;
			shellPath = /bin/sh;
			shellScript = "\"${PODS_ROOT}/Target Support Files/Pods-MyCodeAppTests/Pods-MyCodeAppTests-frameworks.sh\"\n";
			showEnvVarsInLog = 0;
		};
		B8EFE8D1A8DB43CEC3163F2E /* [CP] Check Pods Manifest.lock */ = {
			isa = PBXShellScriptBuildPhase;
			buildActionMask = 2147483647;
			files = (
			);
			inputFileListPaths = (
			);
			inputPaths = (
				"${PODS_PODFILE_DIR_PATH}/Podfile.lock",
				"${PODS_ROOT}/Manifest.lock",
			);
			name = "[CP] Check Pods Manifest.lock";
			outputFileListPaths = (
			);
			outputPaths = (
				"$(DERIVED_FILE_DIR)/Pods-MyCodeApp-checkManifestLockResult.txt",
			);
			runOnlyForDeploymentPostprocessing = 0;
			shellPath = /bin/sh;
			shellScript = "diff \"${PODS_PODFILE_DIR_PATH}/Podfile.lock\" \"${PODS_ROOT}/Manifest.lock\" > /dev/null\nif [ $? != 0 ] ; then\n    # print error to STDERR\n    echo \"error: The sandbox is not in sync with the Podfile.lock. Run 'pod install' or update your CocoaPods installation.\" >&2\n    exit 1\nfi\n# This output is used by Xcode 'outputs' to avoid re-running this script phase.\necho \"SUCCESS\" > \"${SCRIPT_OUTPUT_FILE_0}\"\n";
			showEnvVarsInLog = 0;
		};
		FC1716042C957B5998852DE5 /* [CP] Check Pods Manifest.lock */ = {
			isa = PBXShellScriptBuildPhase;
			buildActionMask = 2147483647;
			files = (
			);
			inputFileListPaths = (
			);
			inputPaths = (
				"${PODS_PODFILE_DIR_PATH}/Podfile.lock",
				"${PODS_ROOT}/Manifest.lock",
			);
			name = "[CP] Check Pods Manifest.lock";
			outputFileListPaths = (
			);
			outputPaths = (
				"$(DERIVED_FILE_DIR)/Pods-MyCodeAppTests-checkManifestLockResult.txt",
			);
			runOnlyForDeploymentPostprocessing = 0;
			shellPath = /bin/sh;
			shellScript = "diff \"${PODS_PODFILE_DIR_PATH}/Podfile.lock\" \"${PODS_ROOT}/Manifest.lock\" > /dev/null\nif [ $? != 0 ] ; then\n    # print error to STDERR\n    echo \"error: The sandbox is not in sync with the Podfile.lock. Run 'pod install' or update your CocoaPods installation.\" >&2\n    exit 1\nfi\n# This output is used by Xcode 'outputs' to avoid re-running this script phase.\necho \"SUCCESS\" > \"${SCRIPT_OUTPUT_FILE_0}\"\n";
			showEnvVarsInLog = 0;
		};
/* End PBXShellScriptBuildPhase section */

/* Begin PBXSourcesBuildPhase section */
		4FD20AFF261C07BF00381508 /* Sources */ = {
			isa = PBXSourcesBuildPhase;
			buildActionMask = 2147483647;
			files = (
				84EEB4CC2870210C009254E2 /* ZJ_NormalInputTextFieldCell.m in Sources */,
				4FD20B0E261C07BF00381508 /* ViewController.m in Sources */,
				8480F76E28561AD500F4303E /* ZJ_CodeBlockViewController.m in Sources */,
				4FD20B69261D89C700381508 /* NSNumber+Extension.m in Sources */,
				84EEB4AB2866A065009254E2 /* ZJ_NormalDetailTitleAndTextViewCell.m in Sources */,
				4FD20B5F261D68AB00381508 /* NSString+Extension.m in Sources */,
				84EEB4A82866A054009254E2 /* ZJ_NormalDetailCollectionViewCell.m in Sources */,
				8400E606285F4BE400419E89 /* UIColor+Extension.m in Sources */,
				84EEB4C5286EC3F4009254E2 /* UITextView+Extension.m in Sources */,
				4FD20B74261E9FED00381508 /* ZJ_CodeBlockVC.m in Sources */,
				4FD20B08261C07BF00381508 /* AppDelegate.m in Sources */,
				4FD20B19261C07C400381508 /* main.m in Sources */,
				8400E61328615E1E00419E89 /* NSDictionary+Extension.m in Sources */,
				8480F73728523CDF00F4303E /* BRAddressModel.m in Sources */,
				8480F73428523CDF00F4303E /* BRPickerStyle.m in Sources */,
				8480F73828523CDF00F4303E /* BRAddressPickerView.m in Sources */,
				8480F77A285B0D4200F4303E /* UIButton+Extension.m in Sources */,
				84EEB4A52866A03E009254E2 /* ZJ_NormalDetailTitleAndContentCell.m in Sources */,
				84EEB49F2865E94E009254E2 /* ZJ_TemplateCodeVC.m in Sources */,
				8480F774285B093100F4303E /* NSAttributedString+Custom.m in Sources */,
				8480F73028523CDF00F4303E /* BRDatePickerView+BR.m in Sources */,
				84EEB4C2286B2082009254E2 /* ZJ_TemplateCodeViewModel.m in Sources */,
				4FD20B80261EE47F00381508 /* ZJUILabel.m in Sources */,
				8480F73528523CDF00F4303E /* BRBaseView.m in Sources */,
				4FCC721F26899A73006F725C /* ZJ_TimeDownVC.m in Sources */,
				8400E64D28649DE800419E89 /* UIView+Extension.m in Sources */,
				8480F77D285C57D000F4303E /* UIImage+Extension.m in Sources */,
				8480F786285C5C4B00F4303E /* NSMutableAttributedString+Custom.m in Sources */,
				8480F780285C57F400F4303E /* UITextField+Extension.m in Sources */,
				8400E61628615E4200419E89 /* NSDate+Extension.m in Sources */,
				84EEB4CF28702151009254E2 /* ZJ_NormalLableAndBtnCell.m in Sources */,
				84EEB4C9286ECFF1009254E2 /* ZJ_TemplateHeaderView.m in Sources */,
				4FD20B8F262001FA00381508 /* ThirdPartyDemoVC.m in Sources */,
				84EEB4D22872DAB2009254E2 /* ZJ_Custom_WorkFlow.m in Sources */,
				84EEB50B287983D8009254E2 /* ZJ_LeftTableViewCell.m in Sources */,
				8480F72F28523CDF00F4303E /* BRStringPickerView.m in Sources */,
				4FD20B57261D522900381508 /* ZJ_MarcoHelper.m in Sources */,
				8480F73228523CDF00F4303E /* BRDatePickerView.m in Sources */,
				4FD20B0B261C07BF00381508 /* SceneDelegate.m in Sources */,
				8480F783285C580000F4303E /* UILabel+Extension.m in Sources */,
				4FD20B8B262000F900381508 /* FunctionCodeListVC.m in Sources */,
				4FCC722326899BB6006F725C /* ZJ_TimeDownView.m in Sources */,
				8480F73128523CDF00F4303E /* NSDate+BRPickerView.m in Sources */,
				8480F73628523CDF00F4303E /* NSBundle+BRPickerView.m in Sources */,
				84EEB4D828742478009254E2 /* ZJ_TwoTabelviewTemplateSubVC.m in Sources */,
				84EEB4D52874227C009254E2 /* ZJ_TwoTabelviewTemplateVC.m in Sources */,
				4FD20B62261D6A3000381508 /* NSArray+Extension.m in Sources */,
				8480F72E28523CDF00F4303E /* BRResultModel.m in Sources */,
				84EEB4A22866A01E009254E2 /* ZJ_NormalDetailTitleCell.m in Sources */,
				4FD20B65261D886C00381508 /* NSCharacterSet+Extension.m in Sources */,
			);
			runOnlyForDeploymentPostprocessing = 0;
		};
		4FD20B1A261C07C500381508 /* Sources */ = {
			isa = PBXSourcesBuildPhase;
			buildActionMask = 2147483647;
			files = (
				4FD20B23261C07C500381508 /* MyCodeAppTests.m in Sources */,
			);
			runOnlyForDeploymentPostprocessing = 0;
		};
		4FD20B25261C07C500381508 /* Sources */ = {
			isa = PBXSourcesBuildPhase;
			buildActionMask = 2147483647;
			files = (
				4FD20B2E261C07C500381508 /* MyCodeAppUITests.m in Sources */,
			);
			runOnlyForDeploymentPostprocessing = 0;
		};
/* End PBXSourcesBuildPhase section */

/* Begin PBXTargetDependency section */
		4FD20B20261C07C500381508 /* PBXTargetDependency */ = {
			isa = PBXTargetDependency;
			target = 4FD20B02261C07BF00381508 /* MyCodeApp */;
			targetProxy = 4FD20B1F261C07C500381508 /* PBXContainerItemProxy */;
		};
		4FD20B2B261C07C500381508 /* PBXTargetDependency */ = {
			isa = PBXTargetDependency;
			target = 4FD20B02261C07BF00381508 /* MyCodeApp */;
			targetProxy = 4FD20B2A261C07C500381508 /* PBXContainerItemProxy */;
		};
/* End PBXTargetDependency section */

/* Begin PBXVariantGroup section */
		4FD20B0F261C07BF00381508 /* Main.storyboard */ = {
			isa = PBXVariantGroup;
			children = (
				4FD20B10261C07BF00381508 /* Base */,
			);
			name = Main.storyboard;
			sourceTree = "<group>";
		};
		4FD20B14261C07C400381508 /* LaunchScreen.storyboard */ = {
			isa = PBXVariantGroup;
			children = (
				4FD20B15261C07C400381508 /* Base */,
			);
			name = LaunchScreen.storyboard;
			sourceTree = "<group>";
		};
/* End PBXVariantGroup section */

/* Begin XCBuildConfiguration section */
		4FD20B30261C07C500381508 /* Debug */ = {
			isa = XCBuildConfiguration;
			buildSettings = {
				ALWAYS_SEARCH_USER_PATHS = NO;
				CLANG_ANALYZER_NONNULL = YES;
				CLANG_ANALYZER_NUMBER_OBJECT_CONVERSION = YES_AGGRESSIVE;
				CLANG_CXX_LANGUAGE_STANDARD = "gnu++14";
				CLANG_CXX_LIBRARY = "libc++";
				CLANG_ENABLE_MODULES = YES;
				CLANG_ENABLE_OBJC_ARC = YES;
				CLANG_ENABLE_OBJC_WEAK = YES;
				CLANG_WARN_BLOCK_CAPTURE_AUTORELEASING = YES;
				CLANG_WARN_BOOL_CONVERSION = YES;
				CLANG_WARN_COMMA = YES;
				CLANG_WARN_CONSTANT_CONVERSION = YES;
				CLANG_WARN_DEPRECATED_OBJC_IMPLEMENTATIONS = YES;
				CLANG_WARN_DIRECT_OBJC_ISA_USAGE = YES_ERROR;
				CLANG_WARN_DOCUMENTATION_COMMENTS = YES;
				CLANG_WARN_EMPTY_BODY = YES;
				CLANG_WARN_ENUM_CONVERSION = YES;
				CLANG_WARN_INFINITE_RECURSION = YES;
				CLANG_WARN_INT_CONVERSION = YES;
				CLANG_WARN_NON_LITERAL_NULL_CONVERSION = YES;
				CLANG_WARN_OBJC_IMPLICIT_RETAIN_SELF = YES;
				CLANG_WARN_OBJC_LITERAL_CONVERSION = YES;
				CLANG_WARN_OBJC_ROOT_CLASS = YES_ERROR;
				CLANG_WARN_QUOTED_INCLUDE_IN_FRAMEWORK_HEADER = YES;
				CLANG_WARN_RANGE_LOOP_ANALYSIS = YES;
				CLANG_WARN_STRICT_PROTOTYPES = YES;
				CLANG_WARN_SUSPICIOUS_MOVE = YES;
				CLANG_WARN_UNGUARDED_AVAILABILITY = YES_AGGRESSIVE;
				CLANG_WARN_UNREACHABLE_CODE = YES;
				CLANG_WARN__DUPLICATE_METHOD_MATCH = YES;
				COPY_PHASE_STRIP = NO;
				DEBUG_INFORMATION_FORMAT = dwarf;
				ENABLE_STRICT_OBJC_MSGSEND = YES;
				ENABLE_TESTABILITY = YES;
				GCC_C_LANGUAGE_STANDARD = gnu11;
				GCC_DYNAMIC_NO_PIC = NO;
				GCC_NO_COMMON_BLOCKS = YES;
				GCC_OPTIMIZATION_LEVEL = 0;
				GCC_PREPROCESSOR_DEFINITIONS = (
					"DEBUG=1",
					"$(inherited)",
				);
				GCC_WARN_64_TO_32_BIT_CONVERSION = YES;
				GCC_WARN_ABOUT_RETURN_TYPE = YES_ERROR;
				GCC_WARN_UNDECLARED_SELECTOR = YES;
				GCC_WARN_UNINITIALIZED_AUTOS = YES_AGGRESSIVE;
				GCC_WARN_UNUSED_FUNCTION = YES;
				GCC_WARN_UNUSED_VARIABLE = YES;
				IPHONEOS_DEPLOYMENT_TARGET = 14.4;
				MTL_ENABLE_DEBUG_INFO = INCLUDE_SOURCE;
				MTL_FAST_MATH = YES;
				ONLY_ACTIVE_ARCH = YES;
				OTHER_LDFLAGS = "";
				SDKROOT = iphoneos;
			};
			name = Debug;
		};
		4FD20B31261C07C500381508 /* Release */ = {
			isa = XCBuildConfiguration;
			buildSettings = {
				ALWAYS_SEARCH_USER_PATHS = NO;
				CLANG_ANALYZER_NONNULL = YES;
				CLANG_ANALYZER_NUMBER_OBJECT_CONVERSION = YES_AGGRESSIVE;
				CLANG_CXX_LANGUAGE_STANDARD = "gnu++14";
				CLANG_CXX_LIBRARY = "libc++";
				CLANG_ENABLE_MODULES = YES;
				CLANG_ENABLE_OBJC_ARC = YES;
				CLANG_ENABLE_OBJC_WEAK = YES;
				CLANG_WARN_BLOCK_CAPTURE_AUTORELEASING = YES;
				CLANG_WARN_BOOL_CONVERSION = YES;
				CLANG_WARN_COMMA = YES;
				CLANG_WARN_CONSTANT_CONVERSION = YES;
				CLANG_WARN_DEPRECATED_OBJC_IMPLEMENTATIONS = YES;
				CLANG_WARN_DIRECT_OBJC_ISA_USAGE = YES_ERROR;
				CLANG_WARN_DOCUMENTATION_COMMENTS = YES;
				CLANG_WARN_EMPTY_BODY = YES;
				CLANG_WARN_ENUM_CONVERSION = YES;
				CLANG_WARN_INFINITE_RECURSION = YES;
				CLANG_WARN_INT_CONVERSION = YES;
				CLANG_WARN_NON_LITERAL_NULL_CONVERSION = YES;
				CLANG_WARN_OBJC_IMPLICIT_RETAIN_SELF = YES;
				CLANG_WARN_OBJC_LITERAL_CONVERSION = YES;
				CLANG_WARN_OBJC_ROOT_CLASS = YES_ERROR;
				CLANG_WARN_QUOTED_INCLUDE_IN_FRAMEWORK_HEADER = YES;
				CLANG_WARN_RANGE_LOOP_ANALYSIS = YES;
				CLANG_WARN_STRICT_PROTOTYPES = YES;
				CLANG_WARN_SUSPICIOUS_MOVE = YES;
				CLANG_WARN_UNGUARDED_AVAILABILITY = YES_AGGRESSIVE;
				CLANG_WARN_UNREACHABLE_CODE = YES;
				CLANG_WARN__DUPLICATE_METHOD_MATCH = YES;
				COPY_PHASE_STRIP = NO;
				DEBUG_INFORMATION_FORMAT = "dwarf-with-dsym";
				ENABLE_NS_ASSERTIONS = NO;
				ENABLE_STRICT_OBJC_MSGSEND = YES;
				GCC_C_LANGUAGE_STANDARD = gnu11;
				GCC_NO_COMMON_BLOCKS = YES;
				GCC_WARN_64_TO_32_BIT_CONVERSION = YES;
				GCC_WARN_ABOUT_RETURN_TYPE = YES_ERROR;
				GCC_WARN_UNDECLARED_SELECTOR = YES;
				GCC_WARN_UNINITIALIZED_AUTOS = YES_AGGRESSIVE;
				GCC_WARN_UNUSED_FUNCTION = YES;
				GCC_WARN_UNUSED_VARIABLE = YES;
				IPHONEOS_DEPLOYMENT_TARGET = 14.4;
				MTL_ENABLE_DEBUG_INFO = NO;
				MTL_FAST_MATH = YES;
				OTHER_LDFLAGS = "";
				SDKROOT = iphoneos;
				VALIDATE_PRODUCT = YES;
			};
			name = Release;
		};
		4FD20B33261C07C500381508 /* Debug */ = {
			isa = XCBuildConfiguration;
			baseConfigurationReference = 26FFC4CC723CDCA9DBCCE2C4 /* Pods-MyCodeApp.debug.xcconfig */;
			buildSettings = {
				ASSETCATALOG_COMPILER_APPICON_NAME = AppIcon;
				ASSETCATALOG_COMPILER_GLOBAL_ACCENT_COLOR_NAME = AccentColor;
				CODE_SIGN_STYLE = Automatic;
				DEVELOPMENT_TEAM = SF5VKU74NM;
				GCC_PRECOMPILE_PREFIX_HEADER = YES;
				GCC_PREFIX_HEADER = MyCodeApp/PrefixHeader.pch;
				INFOPLIST_FILE = MyCodeApp/Info.plist;
				LD_RUNPATH_SEARCH_PATHS = (
					"$(inherited)",
					"@executable_path/Frameworks",
				);
				OTHER_LDFLAGS = (
					"-ObjC",
					"-all_load",
				);
				PRODUCT_BUNDLE_IDENTIFIER = Zoujie.MyCodeApp;
				PRODUCT_NAME = "$(TARGET_NAME)";
				TARGETED_DEVICE_FAMILY = "1,2";
				USER_HEADER_SEARCH_PATHS = "$(PODS_ROOT)/**";
			};
			name = Debug;
		};
		4FD20B34261C07C500381508 /* Release */ = {
			isa = XCBuildConfiguration;
			baseConfigurationReference = 58650A37468E70A64FE44B48 /* Pods-MyCodeApp.release.xcconfig */;
			buildSettings = {
				ASSETCATALOG_COMPILER_APPICON_NAME = AppIcon;
				ASSETCATALOG_COMPILER_GLOBAL_ACCENT_COLOR_NAME = AccentColor;
				CODE_SIGN_STYLE = Automatic;
				DEVELOPMENT_TEAM = SF5VKU74NM;
				GCC_PRECOMPILE_PREFIX_HEADER = YES;
				GCC_PREFIX_HEADER = MyCodeApp/PrefixHeader.pch;
				INFOPLIST_FILE = MyCodeApp/Info.plist;
				LD_RUNPATH_SEARCH_PATHS = (
					"$(inherited)",
					"@executable_path/Frameworks",
				);
				OTHER_LDFLAGS = (
					"-ObjC",
					"-all_load",
				);
				PRODUCT_BUNDLE_IDENTIFIER = Zoujie.MyCodeApp;
				PRODUCT_NAME = "$(TARGET_NAME)";
				TARGETED_DEVICE_FAMILY = "1,2";
				USER_HEADER_SEARCH_PATHS = "$(PODS_ROOT)/**";
			};
			name = Release;
		};
		4FD20B36261C07C500381508 /* Debug */ = {
			isa = XCBuildConfiguration;
			baseConfigurationReference = 9A6C240EA0E0248FFD598836 /* Pods-MyCodeAppTests.debug.xcconfig */;
			buildSettings = {
				BUNDLE_LOADER = "$(TEST_HOST)";
				CODE_SIGN_STYLE = Automatic;
				INFOPLIST_FILE = MyCodeAppTests/Info.plist;
				IPHONEOS_DEPLOYMENT_TARGET = 14.4;
				LD_RUNPATH_SEARCH_PATHS = (
					"$(inherited)",
					"@executable_path/Frameworks",
					"@loader_path/Frameworks",
				);
				PRODUCT_BUNDLE_IDENTIFIER = Zoujie.MyCodeAppTests;
				PRODUCT_NAME = "$(TARGET_NAME)";
				TARGETED_DEVICE_FAMILY = "1,2";
				TEST_HOST = "$(BUILT_PRODUCTS_DIR)/MyCodeApp.app/MyCodeApp";
			};
			name = Debug;
		};
		4FD20B37261C07C500381508 /* Release */ = {
			isa = XCBuildConfiguration;
			baseConfigurationReference = AD99F09E1C2CC61F13E476ED /* Pods-MyCodeAppTests.release.xcconfig */;
			buildSettings = {
				BUNDLE_LOADER = "$(TEST_HOST)";
				CODE_SIGN_STYLE = Automatic;
				INFOPLIST_FILE = MyCodeAppTests/Info.plist;
				IPHONEOS_DEPLOYMENT_TARGET = 14.4;
				LD_RUNPATH_SEARCH_PATHS = (
					"$(inherited)",
					"@executable_path/Frameworks",
					"@loader_path/Frameworks",
				);
				PRODUCT_BUNDLE_IDENTIFIER = Zoujie.MyCodeAppTests;
				PRODUCT_NAME = "$(TARGET_NAME)";
				TARGETED_DEVICE_FAMILY = "1,2";
				TEST_HOST = "$(BUILT_PRODUCTS_DIR)/MyCodeApp.app/MyCodeApp";
			};
			name = Release;
		};
		4FD20B39261C07C500381508 /* Debug */ = {
			isa = XCBuildConfiguration;
			baseConfigurationReference = 980395CCB5772613D38F931C /* Pods-MyCodeApp-MyCodeAppUITests.debug.xcconfig */;
			buildSettings = {
				CODE_SIGN_STYLE = Automatic;
				INFOPLIST_FILE = MyCodeAppUITests/Info.plist;
				LD_RUNPATH_SEARCH_PATHS = (
					"$(inherited)",
					"@executable_path/Frameworks",
					"@loader_path/Frameworks",
				);
				PRODUCT_BUNDLE_IDENTIFIER = Zoujie.MyCodeAppUITests;
				PRODUCT_NAME = "$(TARGET_NAME)";
				TARGETED_DEVICE_FAMILY = "1,2";
				TEST_TARGET_NAME = MyCodeApp;
			};
			name = Debug;
		};
		4FD20B3A261C07C500381508 /* Release */ = {
			isa = XCBuildConfiguration;
			baseConfigurationReference = 8EB92B16F41CB5E109AE8B23 /* Pods-MyCodeApp-MyCodeAppUITests.release.xcconfig */;
			buildSettings = {
				CODE_SIGN_STYLE = Automatic;
				INFOPLIST_FILE = MyCodeAppUITests/Info.plist;
				LD_RUNPATH_SEARCH_PATHS = (
					"$(inherited)",
					"@executable_path/Frameworks",
					"@loader_path/Frameworks",
				);
				PRODUCT_BUNDLE_IDENTIFIER = Zoujie.MyCodeAppUITests;
				PRODUCT_NAME = "$(TARGET_NAME)";
				TARGETED_DEVICE_FAMILY = "1,2";
				TEST_TARGET_NAME = MyCodeApp;
			};
			name = Release;
		};
/* End XCBuildConfiguration section */

/* Begin XCConfigurationList section */
		4FD20AFE261C07BF00381508 /* Build configuration list for PBXProject "MyCodeApp" */ = {
			isa = XCConfigurationList;
			buildConfigurations = (
				4FD20B30261C07C500381508 /* Debug */,
				4FD20B31261C07C500381508 /* Release */,
			);
			defaultConfigurationIsVisible = 0;
			defaultConfigurationName = Release;
		};
		4FD20B32261C07C500381508 /* Build configuration list for PBXNativeTarget "MyCodeApp" */ = {
			isa = XCConfigurationList;
			buildConfigurations = (
				4FD20B33261C07C500381508 /* Debug */,
				4FD20B34261C07C500381508 /* Release */,
			);
			defaultConfigurationIsVisible = 0;
			defaultConfigurationName = Release;
		};
		4FD20B35261C07C500381508 /* Build configuration list for PBXNativeTarget "MyCodeAppTests" */ = {
			isa = XCConfigurationList;
			buildConfigurations = (
				4FD20B36261C07C500381508 /* Debug */,
				4FD20B37261C07C500381508 /* Release */,
			);
			defaultConfigurationIsVisible = 0;
			defaultConfigurationName = Release;
		};
		4FD20B38261C07C500381508 /* Build configuration list for PBXNativeTarget "MyCodeAppUITests" */ = {
			isa = XCConfigurationList;
			buildConfigurations = (
				4FD20B39261C07C500381508 /* Debug */,
				4FD20B3A261C07C500381508 /* Release */,
			);
			defaultConfigurationIsVisible = 0;
			defaultConfigurationName = Release;
		};
/* End XCConfigurationList section */
	};
	rootObject = 4FD20AFB261C07BF00381508 /* Project object */;
}
